
Microsoft Visual Studio Solution File, Format Version 11.00
# Visual Studio 2010
Project("{FAE04EC0-301F-11D3-BF4B-00C04F79EFBC}") = "GoogleMobileAds", "GoogleMobileAds.csproj", "{53bad443-288b-e9bb-d6bf-533af5d85e33}"
EndProject
Project("{FAE04EC0-301F-11D3-BF4B-00C04F79EFBC}") = "Assembly-CSharp", "Assembly-CSharp.csproj", "{1a293a1d-f1ac-e03c-b632-1986f66e5eec}"
EndProject
Project("{FAE04EC0-301F-11D3-BF4B-00C04F79EFBC}") = "Assembly-CSharp-firstpass", "Assembly-CSharp-firstpass.csproj", "{dfa03e8c-f13f-4a53-ffe4-0cb2d6b46770}"
EndProject
Project("{FAE04EC0-301F-11D3-BF4B-00C04F79EFBC}") = "GoogleMobileAds.Editor", "GoogleMobileAds.Editor.csproj", "{b547ee93-e8ae-32ad-5f63-d10e21f0e497}"
EndProject
Global
	GlobalSection(SolutionConfigurationPlatforms) = preSolution
		Debug|Any CPU = Debug|Any CPU
	EndGlobalSection
	GlobalSection(ProjectConfigurationPlatforms) = postSolution
		{53bad443-288b-e9bb-d6bf-533af5d85e33}.Debug|Any CPU.ActiveCfg = Debug|Any CPU
		{53bad443-288b-e9bb-d6bf-533af5d85e33}.Debug|Any CPU.Build.0 = Debug|Any CPU
		{1a293a1d-f1ac-e03c-b632-1986f66e5eec}.Debug|Any CPU.ActiveCfg = Debug|Any CPU
		{1a293a1d-f1ac-e03c-b632-1986f66e5eec}.Debug|Any CPU.Build.0 = Debug|Any CPU
		{dfa03e8c-f13f-4a53-ffe4-0cb2d6b46770}.Debug|Any CPU.ActiveCfg = Debug|Any CPU
		{dfa03e8c-f13f-4a53-ffe4-0cb2d6b46770}.Debug|Any CPU.Build.0 = Debug|Any CPU
		{b547ee93-e8ae-32ad-5f63-d10e21f0e497}.Debug|Any CPU.ActiveCfg = Debug|Any CPU
		{b547ee93-e8ae-32ad-5f63-d10e21f0e497}.Debug|Any CPU.Build.0 = Debug|Any CPU
	EndGlobalSection
	GlobalSection(SolutionProperties) = preSolution
		HideSolutionNode = FALSE
	EndGlobalSection
EndGlobal
